// !$*UTF8*$!
{
	archiveVersion = 1;
	classes = {
	};
	objectVersion = 46;
	objects = {

/* Begin PBXBuildFile section */
		4C94AC381570562B00575D49 /* main.c in Sources */ = {isa = PBXBuildFile; fileRef = 4C94AC371570562B00575D49 /* main.c */; };
		4C94AC3A1570562B00575D49 /* test_harness.1 in CopyFiles */ = {isa = PBXBuildFile; fileRef = 4C94AC391570562B00575D49 /* test_harness.1 */; };
/* End PBXBuildFile section */

/* Begin PBXCopyFilesBuildPhase section */
		4C94AC311570562B00575D49 /* CopyFiles */ = {
			isa = PBXCopyFilesBuildPhase;
			buildActionMask = 2147483647;
			dstPath = /usr/share/man/man1/;
			dstSubfolderSpec = 0;
			files = (
				4C94AC3A1570562B00575D49 /* test_harness.1 in CopyFiles */,
			);
			runOnlyForDeploymentPostprocessing = 1;
		};
/* End PBXCopyFilesBuildPhase section */

/* Begin PBXFileReference section */
		4C94AC331570562B00575D49 /* test-harness */ = {isa = PBXFileReference; explicitFileType = "compiled.mach-o.executable"; includeInIndex = 0; path = "test-harness"; sourceTree = BUILT_PRODUCTS_DIR; };
		4C94AC371570562B00575D49 /* main.c */ = {isa = PBXFileReference; lastKnownFileType = sourcecode.c.c; path = main.c; sourceTree = "<group>"; };
		4C94AC391570562B00575D49 /* test_harness.1 */ = {isa = PBXFileReference; lastKnownFileType = text.man; path = test_harness.1; sourceTree = "<group>"; };
/* End PBXFileReference section */

/* Begin PBXFrameworksBuildPhase section */
		4C94AC301570562B00575D49 /* Frameworks */ = {
			isa = PBXFrameworksBuildPhase;
			buildActionMask = 2147483647;
			files = (
			);
			runOnlyForDeploymentPostprocessing = 0;
		};
/* End PBXFrameworksBuildPhase section */

/* Begin PBXGroup section */
		4C94AC281570562A00575D49 = {
			isa = PBXGroup;
			children = (
				4C94AC361570562B00575D49 /* test-harness */,
				4C94AC341570562B00575D49 /* Products */,
			);
			sourceTree = "<group>";
		};
		4C94AC341570562B00575D49 /* Products */ = {
			isa = PBXGroup;
			children = (
				4C94AC331570562B00575D49 /* test-harness */,
			);
			name = Products;
			sourceTree = "<group>";
		};
		4C94AC361570562B00575D49 /* test-harness */ = {
			isa = PBXGroup;
			children = (
				4C94AC371570562B00575D49 /* main.c */,
				4C94AC391570562B00575D49 /* test_harness.1 */,
			);
			path = "test-harness";
			sourceTree = "<group>";
		};
/* End PBXGroup section */

/* Begin PBXNativeTarget section */
		4C94AC321570562B00575D49 /* test-harness */ = {
			isa = PBXNativeTarget;
			buildConfigurationList = 4C94AC3D1570562B00575D49 /* Build configuration list for PBXNativeTarget "test-harness" */;
			buildPhases = (
				4C94AC2F1570562B00575D49 /* Sources */,
				4C94AC301570562B00575D49 /* Frameworks */,
				4C94AC311570562B00575D49 /* CopyFiles */,
			);
			buildRules = (
			);
			dependencies = (
			);
			name = "test-harness";
			productName = "test-harness";
			productReference = 4C94AC331570562B00575D49 /* test-harness */;
			productType = "com.apple.product-type.tool";
		};
/* End PBXNativeTarget section */

/* Begin PBXProject section */
		4C94AC2A1570562A00575D49 /* Project object */ = {
			isa = PBXProject;
			attributes = {
				ORGANIZATIONNAME = Gigantiq;
			};
			buildConfigurationList = 4C94AC2D1570562A00575D49 /* Build configuration list for PBXProject "test-harness" */;
			compatibilityVersion = "Xcode 3.2";
			developmentRegion = English;
			hasScannedForEncodings = 0;
			knownRegions = (
				en,
			);
			mainGroup = 4C94AC281570562A00575D49;
			productRefGroup = 4C94AC341570562B00575D49 /* Products */;
			projectDirPath = "";
			projectRoot = "";
			targets = (
				4C94AC321570562B00575D49 /* test-harness */,
			);
		};
/* End PBXProject section */

/* Begin PBXSourcesBuildPhase section */
		4C94AC2F1570562B00575D49 /* Sources */ = {
			isa = PBXSourcesBuildPhase;
			buildActionMask = 2147483647;
			files = (
				4C94AC381570562B00575D49 /* main.c in Sources */,
			);
			runOnlyForDeploymentPostprocessing = 0;
		};
/* End PBXSourcesBuildPhase section */

/* Begin XCBuildConfiguration section */
		4C94AC3B1570562B00575D49 /* Debug */ = {
			isa = XCBuildConfiguration;
			buildSettings = {
				ALWAYS_SEARCH_USER_PATHS = NO;
				ARCHS = "$(ARCHS_STANDARD_64_BIT)";
				COPY_PHASE_STRIP = NO;
				GCC_C_LANGUAGE_STANDARD = gnu99;
				GCC_DYNAMIC_NO_PIC = NO;
				GCC_ENABLE_OBJC_EXCEPTIONS = YES;
				GCC_OPTIMIZATION_LEVEL = 0;
				GCC_PREPROCESSOR_DEFINITIONS = (
					"DEBUG=1",
					"$(inherited)",
				);
				GCC_SYMBOLS_PRIVATE_EXTERN = NO;
				GCC_VERSION = com.apple.compilers.llvm.clang.1_0;
				GCC_WARN_64_TO_32_BIT_CONVERSION = YES;
				GCC_WARN_ABOUT_MISSING_PROTOTYPES = YES;
				GCC_WARN_ABOUT_RETURN_TYPE = YES;
				GCC_WARN_UNUSED_VARIABLE = YES;
				MACOSX_DEPLOYMENT_TARGET = 10.7;
				ONLY_ACTIVE_ARCH = YES;
				SDKROOT = macosx;
			};
			name = Debug;
		};
		4C94AC3C1570562B00575D49 /* Release */ = {
			isa = XCBuildConfiguration;
			buildSettings = {
				ALWAYS_SEARCH_USER_PATHS = NO;
				ARCHS = "$(ARCHS_STANDARD_64_BIT)";
				COPY_PHASE_STRIP = YES;
				DEBUG_INFORMATION_FORMAT = "dwarf-with-dsym";
				GCC_C_LANGUAGE_STANDARD = gnu99;
				GCC_ENABLE_OBJC_EXCEPTIONS = YES;
				GCC_VERSION = com.apple.compilers.llvm.clang.1_0;
				GCC_WARN_64_TO_32_BIT_CONVERSION = YES;
				GCC_WARN_ABOUT_MISSING_PROTOTYPES = YES;
				GCC_WARN_ABOUT_RETURN_TYPE = YES;
				GCC_WARN_UNUSED_VARIABLE = YES;
				MACOSX_DEPLOYMENT_TARGET = 10.7;
				SDKROOT = macosx;
			};
			name = Release;
		};
		4C94AC3E1570562B00575D49 /* Debug */ = {
			isa = XCBuildConfiguration;
			buildSettings = {
				PRODUCT_NAME = "$(TARGET_NAME)";
			};
			name = Debug;
		};
		4C94AC3F1570562B00575D49 /* Release */ = {
			isa = XCBuildConfiguration;
			buildSettings = {
				PRODUCT_NAME = "$(TARGET_NAME)";
			};
			name = Release;
		};
/* End XCBuildConfiguration section */

/* Begin XCConfigurationList section */
		4C94AC2D1570562A00575D49 /* Build configuration list for PBXProject "test-harness" */ = {
			isa = XCConfigurationList;
			buildConfigurations = (
				4C94AC3B1570562B00575D49 /* Debug */,
				4C94AC3C1570562B00575D49 /* Release */,
			);
			defaultConfigurationIsVisible = 0;
			defaultConfigurationName = Release;
		};
		4C94AC3D1570562B00575D49 /* Build configuration list for PBXNativeTarget "test-harness" */ = {
			isa = XCConfigurationList;
			buildConfigurations = (
				4C94AC3E1570562B00575D49 /* Debug */,
				4C94AC3F1570562B00575D49 /* Release */,
			);
			defaultConfigurationIsVisible = 0;
		};
/* End XCConfigurationList section */
	};
	rootObject = 4C94AC2A1570562A00575D49 /* Project object */;
}
